[[package]]
name = "atomicwrites"
version = "1.4.0"
description = "Atomic file writes."
category = "dev"
optional = false
python-versions = ">=2.7, !=3.0.*, !=3.1.*, !=3.2.*, !=3.3.*"

[[package]]
name = "attrs"
version = "21.4.0"
description = "Classes Without Boilerplate"
category = "dev"
optional = false
python-versions = ">=2.7, !=3.0.*, !=3.1.*, !=3.2.*, !=3.3.*, !=3.4.*"

[package.extras]
dev = ["coverage[toml] (>=5.0.2)", "hypothesis", "pympler", "pytest (>=4.3.0)", "six", "mypy", "pytest-mypy-plugins", "zope.interface", "furo", "sphinx", "sphinx-notfound-page", "pre-commit", "cloudpickle"]
docs = ["furo", "sphinx", "zope.interface", "sphinx-notfound-page"]
tests = ["coverage[toml] (>=5.0.2)", "hypothesis", "pympler", "pytest (>=4.3.0)", "six", "mypy", "pytest-mypy-plugins", "zope.interface", "cloudpickle"]
tests_no_zope = ["coverage[toml] (>=5.0.2)", "hypothesis", "pympler", "pytest (>=4.3.0)", "six", "mypy", "pytest-mypy-plugins", "cloudpickle"]

[[package]]
name = "colorama"
version = "0.4.4"
description = "Cross-platform colored terminal text."
category = "main"
optional = false
python-versions = ">=2.7, !=3.0.*, !=3.1.*, !=3.2.*, !=3.3.*, !=3.4.*"

[[package]]
name = "commonmark"
version = "0.9.1"
description = "Python parser for the CommonMark Markdown spec"
category = "main"
optional = false
python-versions = "*"

[package.extras]
test = ["flake8 (==3.7.8)", "hypothesis (==3.55.3)"]

[[package]]
name = "flatbuffers"
version = "2.0"
description = "The FlatBuffers serialization format for Python"
category = "main"
optional = false
python-versions = "*"

[[package]]
name = "more-itertools"
version = "8.12.0"
description = "More routines for operating on iterables, beyond itertools"
category = "dev"
optional = false
python-versions = ">=3.5"

[[package]]
name = "numpy"
version = "1.22.3"
description = "NumPy is the fundamental package for array computing with Python."
category = "main"
optional = false
python-versions = ">=3.8"

[[package]]
name = "onnxruntime"
version = "1.11.0"
description = "ONNX Runtime is a runtime accelerator for Machine Learning models"
category = "main"
optional = false
python-versions = "*"

[package.dependencies]
flatbuffers = "*"
numpy = ">=1.19.5"
protobuf = "*"

[[package]]
name = "pillow"
version = "7.2.0"
description = "Python Imaging Library (Fork)"
category = "main"
optional = false
python-versions = ">=3.5"

[[package]]
name = "pluggy"
version = "1.0.0"
description = "plugin and hook calling mechanisms for python"
category = "dev"
optional = false
python-versions = ">=3.6"

[package.extras]
dev = ["pre-commit", "tox"]
testing = ["pytest", "pytest-benchmark"]

[[package]]
name = "protobuf"
version = "3.20.0"
description = "Protocol Buffers"
category = "main"
optional = false
python-versions = ">=3.7"

[[package]]
name = "py"
version = "1.11.0"
description = "library with cross-python path, ini-parsing, io, code, log facilities"
category = "dev"
optional = false
python-versions = ">=2.7, !=3.0.*, !=3.1.*, !=3.2.*, !=3.3.*, !=3.4.*"

[[package]]
name = "pygments"
version = "2.11.2"
description = "Pygments is a syntax highlighting package written in Python."
category = "main"
optional = false
python-versions = ">=3.5"

[[package]]
name = "pytest"
version = "3.10.1"
description = "pytest: simple powerful testing with Python"
category = "dev"
optional = false
python-versions = ">=2.7, !=3.0.*, !=3.1.*, !=3.2.*, !=3.3.*"

[package.dependencies]
atomicwrites = ">=1.0"
attrs = ">=17.4.0"
colorama = {version = "*", markers = "sys_platform == \"win32\""}
more-itertools = ">=4.0.0"
pluggy = ">=0.7"
py = ">=1.5.0"
six = ">=1.10.0"

[[package]]
name = "rich"
version = "10.16.2"
description = "Render rich text, tables, progress bars, syntax highlighting, markdown and more to the terminal"
category = "main"
optional = false
python-versions = ">=3.6.2,<4.0.0"

[package.dependencies]
colorama = ">=0.4.0,<0.5.0"
commonmark = ">=0.9.0,<0.10.0"
pygments = ">=2.6.0,<3.0.0"

[package.extras]
jupyter = ["ipywidgets (>=7.5.1,<8.0.0)"]

[[package]]
name = "six"
version = "1.16.0"
description = "Python 2 and 3 compatibility utilities"
category = "dev"
optional = false
python-versions = ">=2.7, !=3.0.*, !=3.1.*, !=3.2.*"

[metadata]
lock-version = "1.1"
python-versions = ">=3.8,<=3.9"
content-hash = "8fbdbc1f9bfae7a05a52a5f5a2394897c8c46f7b2f10ee88af7f6eda89b93dd3"

[metadata.files]
atomicwrites = [
    {file = "atomicwrites-1.4.0-py2.py3-none-any.whl", hash = "sha256:6d1784dea7c0c8d4a5172b6c620f40b6e4cbfdf96d783691f2e1302a7b88e197"},
    {file = "atomicwrites-1.4.0.tar.gz", hash = "sha256:ae70396ad1a434f9c7046fd2dd196fc04b12f9e91ffb859164193be8b6168a7a"},
]
attrs = [
    {file = "attrs-21.4.0-py2.py3-none-any.whl", hash = "sha256:2d27e3784d7a565d36ab851fe94887c5eccd6a463168875832a1be79c82828b4"},
    {file = "attrs-21.4.0.tar.gz", hash = "sha256:626ba8234211db98e869df76230a137c4c40a12d72445c45d5f5b716f076e2fd"},
]
colorama = [
    {file = "colorama-0.4.4-py2.py3-none-any.whl", hash = "sha256:9f47eda37229f68eee03b24b9748937c7dc3868f906e8ba69fbcbdd3bc5dc3e2"},
    {file = "colorama-0.4.4.tar.gz", hash = "sha256:5941b2b48a20143d2267e95b1c2a7603ce057ee39fd88e7329b0c292aa16869b"},
]
commonmark = [
    {file = "commonmark-0.9.1-py2.py3-none-any.whl", hash = "sha256:da2f38c92590f83de410ba1a3cbceafbc74fee9def35f9251ba9a971d6d66fd9"},
    {file = "commonmark-0.9.1.tar.gz", hash = "sha256:452f9dc859be7f06631ddcb328b6919c67984aca654e5fefb3914d54691aed60"},
]
flatbuffers = [
    {file = "flatbuffers-2.0-py2.py3-none-any.whl", hash = "sha256:3751954f0604580d3219ae49a85fafec9d85eec599c0b96226e1bc0b48e57474"},
    {file = "flatbuffers-2.0.tar.gz", hash = "sha256:12158ab0272375eab8db2d663ae97370c33f152b27801fa6024e1d6105fd4dd2"},
]
more-itertools = [
    {file = "more-itertools-8.12.0.tar.gz", hash = "sha256:7dc6ad46f05f545f900dd59e8dfb4e84a4827b97b3cfecb175ea0c7d247f6064"},
    {file = "more_itertools-8.12.0-py3-none-any.whl", hash = "sha256:43e6dd9942dffd72661a2c4ef383ad7da1e6a3e968a927ad7a6083ab410a688b"},
]
numpy = [
    {file = "numpy-1.22.3-cp310-cp310-macosx_10_14_x86_64.whl", hash = "sha256:92bfa69cfbdf7dfc3040978ad09a48091143cffb778ec3b03fa170c494118d75"},
    {file = "numpy-1.22.3-cp310-cp310-macosx_11_0_arm64.whl", hash = "sha256:8251ed96f38b47b4295b1ae51631de7ffa8260b5b087808ef09a39a9d66c97ab"},
    {file = "numpy-1.22.3-cp310-cp310-manylinux_2_17_aarch64.manylinux2014_aarch64.whl", hash = "sha256:48a3aecd3b997bf452a2dedb11f4e79bc5bfd21a1d4cc760e703c31d57c84b3e"},
    {file = "numpy-1.22.3-cp310-cp310-manylinux_2_17_x86_64.manylinux2014_x86_64.whl", hash = "sha256:a3bae1a2ed00e90b3ba5f7bd0a7c7999b55d609e0c54ceb2b076a25e345fa9f4"},
    {file = "numpy-1.22.3-cp310-cp310-win32.whl", hash = "sha256:f950f8845b480cffe522913d35567e29dd381b0dc7e4ce6a4a9f9156417d2430"},
    {file = "numpy-1.22.3-cp310-cp310-win_amd64.whl", hash = "sha256:08d9b008d0156c70dc392bb3ab3abb6e7a711383c3247b410b39962263576cd4"},
    {file = "numpy-1.22.3-cp38-cp38-macosx_10_14_x86_64.whl", hash = "sha256:201b4d0552831f7250a08d3b38de0d989d6f6e4658b709a02a73c524ccc6ffce"},
    {file = "numpy-1.22.3-cp38-cp38-macosx_11_0_arm64.whl", hash = "sha256:f8c1f39caad2c896bc0018f699882b345b2a63708008be29b1f355ebf6f933fe"},
    {file = "numpy-1.22.3-cp38-cp38-manylinux_2_17_aarch64.manylinux2014_aarch64.whl", hash = "sha256:568dfd16224abddafb1cbcce2ff14f522abe037268514dd7e42c6776a1c3f8e5"},
    {file = "numpy-1.22.3-cp38-cp38-manylinux_2_17_x86_64.manylinux2014_x86_64.whl", hash = "sha256:3ca688e1b9b95d80250bca34b11a05e389b1420d00e87a0d12dc45f131f704a1"},
    {file = "numpy-1.22.3-cp38-cp38-win32.whl", hash = "sha256:e7927a589df200c5e23c57970bafbd0cd322459aa7b1ff73b7c2e84d6e3eae62"},
    {file = "numpy-1.22.3-cp38-cp38-win_amd64.whl", hash = "sha256:07a8c89a04997625236c5ecb7afe35a02af3896c8aa01890a849913a2309c676"},
    {file = "numpy-1.22.3-cp39-cp39-macosx_10_14_x86_64.whl", hash = "sha256:2c10a93606e0b4b95c9b04b77dc349b398fdfbda382d2a39ba5a822f669a0123"},
    {file = "numpy-1.22.3-cp39-cp39-macosx_11_0_arm64.whl", hash = "sha256:fade0d4f4d292b6f39951b6836d7a3c7ef5b2347f3c420cd9820a1d90d794802"},
    {file = "numpy-1.22.3-cp39-cp39-manylinux_2_17_aarch64.manylinux2014_aarch64.whl", hash = "sha256:5bfb1bb598e8229c2d5d48db1860bcf4311337864ea3efdbe1171fb0c5da515d"},
    {file = "numpy-1.22.3-cp39-cp39-manylinux_2_17_x86_64.manylinux2014_x86_64.whl", hash = "sha256:97098b95aa4e418529099c26558eeb8486e66bd1e53a6b606d684d0c3616b168"},
    {file = "numpy-1.22.3-cp39-cp39-win32.whl", hash = "sha256:fdf3c08bce27132395d3c3ba1503cac12e17282358cb4bddc25cc46b0aca07aa"},
    {file = "numpy-1.22.3-cp39-cp39-win_amd64.whl", hash = "sha256:639b54cdf6aa4f82fe37ebf70401bbb74b8508fddcf4797f9fe59615b8c5813a"},
    {file = "numpy-1.22.3-pp38-pypy38_pp73-manylinux_2_17_x86_64.manylinux2014_x86_64.whl", hash = "sha256:c34ea7e9d13a70bf2ab64a2532fe149a9aced424cd05a2c4ba662fd989e3e45f"},
    {file = "numpy-1.22.3.zip", hash = "sha256:dbc7601a3b7472d559dc7b933b18b4b66f9aa7452c120e87dfb33d02008c8a18"},
]
onnxruntime = [
    {file = "onnxruntime-1.11.0-cp37-cp37m-macosx_10_14_x86_64.whl", hash = "sha256:fdf6aa8875a06d23dbaf4b64ff293bbe20f30f70d2163e54d0dceeb90c826acd"},
    {file = "onnxruntime-1.11.0-cp37-cp37m-manylinux_2_17_aarch64.manylinux2014_aarch64.whl", hash = "sha256:c54cf8bece3a6a987d1b51bce1291ca7ce8148051c01921b6c1a536d0baccb28"},
    {file = "onnxruntime-1.11.0-cp37-cp37m-manylinux_2_17_x86_64.manylinux2014_x86_64.whl", hash = "sha256:9face2621f96d5d15d5569facb325d8e8d2b262243d544f5b32ef70a604271d1"},
    {file = "onnxruntime-1.11.0-cp37-cp37m-win32.whl", hash = "sha256:abdfe1cb08d3c7d197cc711a7664e88f4723b8ef9c6fc19e609be9b107dda502"},
    {file = "onnxruntime-1.11.0-cp37-cp37m-win_amd64.whl", hash = "sha256:4504af5a1c08bf7b0a9c63ec40d82ec8c439942935aff02c8a91cfd72883e19c"},
    {file = "onnxruntime-1.11.0-cp38-cp38-macosx_10_14_x86_64.whl", hash = "sha256:9262e0d3390260dcb17276ca0afd27bd34fe41f90abb599ae5c384a53fe94247"},
    {file = "onnxruntime-1.11.0-cp38-cp38-manylinux_2_17_aarch64.manylinux2014_aarch64.whl", hash = "sha256:1d3c69763640432d9114b28f58eeff0a39be313634d72d68314d0bd96c3ce6ee"},
    {file = "onnxruntime-1.11.0-cp38-cp38-manylinux_2_17_x86_64.manylinux2014_x86_64.whl", hash = "sha256:f361d5151f4b09c99f8038c3fffbbadc0907125ce59c0613279fc499d3aec8c7"},
    {file = "onnxruntime-1.11.0-cp38-cp38-win32.whl", hash = "sha256:c6e30e589e3abfa2b21e071108e193e2d550b5ac6056357e4e48ee37c22ba417"},
    {file = "onnxruntime-1.11.0-cp38-cp38-win_amd64.whl", hash = "sha256:aa6f343c404441a22ab3572e5eba5743d60ba956eb6ec54b99937eb3be68ee86"},
    {file = "onnxruntime-1.11.0-cp39-cp39-macosx_10_15_x86_64.whl", hash = "sha256:f4a493236a2291d6ddbbd121ac1cbc86ded9da2290fa48bd0fe3db7bd45a5bb7"},
    {file = "onnxruntime-1.11.0-cp39-cp39-manylinux_2_17_aarch64.manylinux2014_aarch64.whl", hash = "sha256:b5dfdbdd95dacedb26c27482f1ddcbd045bfa65bb005cce74094b72e5ae77a08"},
    {file = "onnxruntime-1.11.0-cp39-cp39-manylinux_2_17_x86_64.manylinux2014_x86_64.whl", hash = "sha256:f1c0c07f49d0796ef9344fc964375509d5a8e051b77747d6409d3400401f9bcf"},
    {file = "onnxruntime-1.11.0-cp39-cp39-win32.whl", hash = "sha256:afbf4e3a0cbb4a3ce3b0cf0fecff7018f0dd25c1824219f0318db10748981c75"},
    {file = "onnxruntime-1.11.0-cp39-cp39-win_amd64.whl", hash = "sha256:125d4332f08f34d43a6e848d1a042cdcc99ab0efecc5c3023b0948292ed1a927"},
]
pillow = [
    {file = "Pillow-7.2.0-cp35-cp35m-macosx_10_10_intel.whl", hash = "sha256:1ca594126d3c4def54babee699c055a913efb01e106c309fa6b04405d474d5ae"},
    {file = "Pillow-7.2.0-cp35-cp35m-manylinux1_i686.whl", hash = "sha256:c92302a33138409e8f1ad16731568c55c9053eee71bb05b6b744067e1b62380f"},
    {file = "Pillow-7.2.0-cp35-cp35m-manylinux1_x86_64.whl", hash = "sha256:8dad18b69f710bf3a001d2bf3afab7c432785d94fcf819c16b5207b1cfd17d38"},
    {file = "Pillow-7.2.0-cp35-cp35m-manylinux2014_aarch64.whl", hash = "sha256:431b15cffbf949e89df2f7b48528be18b78bfa5177cb3036284a5508159492b5"},
    {file = "Pillow-7.2.0-cp35-cp35m-win32.whl", hash = "sha256:09d7f9e64289cb40c2c8d7ad674b2ed6105f55dc3b09aa8e4918e20a0311e7ad"},
    {file = "Pillow-7.2.0-cp35-cp35m-win_amd64.whl", hash = "sha256:0295442429645fa16d05bd567ef5cff178482439c9aad0411d3f0ce9b88b3a6f"},
    {file = "Pillow-7.2.0-cp36-cp36m-macosx_10_10_x86_64.whl", hash = "sha256:ec29604081f10f16a7aea809ad42e27764188fc258b02259a03a8ff7ded3808d"},
    {file = "Pillow-7.2.0-cp36-cp36m-manylinux1_i686.whl", hash = "sha256:612cfda94e9c8346f239bf1a4b082fdd5c8143cf82d685ba2dba76e7adeeb233"},
    {file = "Pillow-7.2.0-cp36-cp36m-manylinux1_x86_64.whl", hash = "sha256:0a80dd307a5d8440b0a08bd7b81617e04d870e40a3e46a32d9c246e54705e86f"},
    {file = "Pillow-7.2.0-cp36-cp36m-manylinux2014_aarch64.whl", hash = "sha256:06aba4169e78c439d528fdeb34762c3b61a70813527a2c57f0540541e9f433a8"},
    {file = "Pillow-7.2.0-cp36-cp36m-win32.whl", hash = "sha256:f7e30c27477dffc3e85c2463b3e649f751789e0f6c8456099eea7ddd53be4a8a"},
    {file = "Pillow-7.2.0-cp36-cp36m-win_amd64.whl", hash = "sha256:ffe538682dc19cc542ae7c3e504fdf54ca7f86fb8a135e59dd6bc8627eae6cce"},
    {file = "Pillow-7.2.0-cp37-cp37m-macosx_10_10_x86_64.whl", hash = "sha256:94cf49723928eb6070a892cb39d6c156f7b5a2db4e8971cb958f7b6b104fb4c4"},
    {file = "Pillow-7.2.0-cp37-cp37m-manylinux1_i686.whl", hash = "sha256:6edb5446f44d901e8683ffb25ebdfc26988ee813da3bf91e12252b57ac163727"},
    {file = "Pillow-7.2.0-cp37-cp37m-manylinux1_x86_64.whl", hash = "sha256:52125833b070791fcb5710fabc640fc1df07d087fc0c0f02d3661f76c23c5b8b"},
    {file = "Pillow-7.2.0-cp37-cp37m-manylinux2014_aarch64.whl", hash = "sha256:9ad7f865eebde135d526bb3163d0b23ffff365cf87e767c649550964ad72785d"},
    {file = "Pillow-7.2.0-cp37-cp37m-win32.whl", hash = "sha256:c79f9c5fb846285f943aafeafda3358992d64f0ef58566e23484132ecd8d7d63"},
    {file = "Pillow-7.2.0-cp37-cp37m-win_amd64.whl", hash = "sha256:d350f0f2c2421e65fbc62690f26b59b0bcda1b614beb318c81e38647e0f673a1"},
    {file = "Pillow-7.2.0-cp38-cp38-macosx_10_10_x86_64.whl", hash = "sha256:6d7741e65835716ceea0fd13a7d0192961212fd59e741a46bbed7a473c634ed6"},
    {file = "Pillow-7.2.0-cp38-cp38-manylinux1_i686.whl", hash = "sha256:edf31f1150778abd4322444c393ab9c7bd2af271dd4dafb4208fb613b1f3cdc9"},
    {file = "Pillow-7.2.0-cp38-cp38-manylinux1_x86_64.whl", hash = "sha256:d08b23fdb388c0715990cbc06866db554e1822c4bdcf6d4166cf30ac82df8c41"},
    {file = "Pillow-7.2.0-cp38-cp38-manylinux2014_aarch64.whl", hash = "sha256:5e51ee2b8114def244384eda1c82b10e307ad9778dac5c83fb0943775a653cd8"},
    {file = "Pillow-7.2.0-cp38-cp38-win32.whl", hash = "sha256:725aa6cfc66ce2857d585f06e9519a1cc0ef6d13f186ff3447ab6dff0a09bc7f"},
    {file = "Pillow-7.2.0-cp38-cp38-win_amd64.whl", hash = "sha256:a060cf8aa332052df2158e5a119303965be92c3da6f2d93b6878f0ebca80b2f6"},
    {file = "Pillow-7.2.0-pp36-pypy36_pp73-macosx_10_10_x86_64.whl", hash = "sha256:9c87ef410a58dd54b92424ffd7e28fd2ec65d2f7fc02b76f5e9b2067e355ebf6"},
    {file = "Pillow-7.2.0-pp36-pypy36_pp73-manylinux2010_x86_64.whl", hash = "sha256:e901964262a56d9ea3c2693df68bc9860b8bdda2b04768821e4c44ae797de117"},
    {file = "Pillow-7.2.0-pp36-pypy36_pp73-win32.whl", hash = "sha256:25930fadde8019f374400f7986e8404c8b781ce519da27792cbe46eabec00c4d"},
    {file = "Pillow-7.2.0.tar.gz", hash = "sha256:97f9e7953a77d5a70f49b9a48da7776dc51e9b738151b22dacf101641594a626"},
]
pluggy = [
    {file = "pluggy-1.0.0-py2.py3-none-any.whl", hash = "sha256:74134bbf457f031a36d68416e1509f34bd5ccc019f0bcc952c7b909d06b37bd3"},
    {file = "pluggy-1.0.0.tar.gz", hash = "sha256:4224373bacce55f955a878bf9cfa763c1e360858e330072059e10bad68531159"},
]
protobuf = [
    {file = "protobuf-3.20.0-cp310-cp310-macosx_10_9_universal2.whl", hash = "sha256:9d0f3aca8ca51c8b5e204ab92bd8afdb2a8e3df46bd0ce0bd39065d79aabcaa4"},
    {file = "protobuf-3.20.0-cp310-cp310-manylinux2014_aarch64.whl", hash = "sha256:001c2160c03b6349c04de39cf1a58e342750da3632f6978a1634a3dcca1ec10e"},
    {file = "protobuf-3.20.0-cp310-cp310-manylinux_2_12_x86_64.manylinux2010_x86_64.whl", hash = "sha256:5b5860b790498f233cdc8d635a17fc08de62e59d4dcd8cdb6c6c0d38a31edf2b"},
    {file = "protobuf-3.20.0-cp310-cp310-win32.whl", hash = "sha256:0b250c60256c8824219352dc2a228a6b49987e5bf94d3ffcf4c46585efcbd499"},
    {file = "protobuf-3.20.0-cp310-cp310-win_amd64.whl", hash = "sha256:a1eebb6eb0653e594cb86cd8e536b9b083373fca9aba761ade6cd412d46fb2ab"},
    {file = "protobuf-3.20.0-cp36-cp36m-macosx_10_9_x86_64.whl", hash = "sha256:bc14037281db66aa60856cd4ce4541a942040686d290e3f3224dd3978f88f554"},
    {file = "protobuf-3.20.0-cp36-cp36m-manylinux_2_5_x86_64.manylinux1_x86_64.whl", hash = "sha256:47257d932de14a7b6c4ae1b7dbf592388153ee35ec7cae216b87ae6490ed39a3"},
    {file = "protobuf-3.20.0-cp37-cp37m-macosx_10_9_x86_64.whl", hash = "sha256:fbcbb068ebe67c4ff6483d2e2aa87079c325f8470b24b098d6bf7d4d21d57a69"},
    {file = "protobuf-3.20.0-cp37-cp37m-manylinux2014_aarch64.whl", hash = "sha256:542f25a4adf3691a306dcc00bf9a73176554938ec9b98f20f929a044f80acf1b"},
    {file = "protobuf-3.20.0-cp37-cp37m-manylinux_2_5_x86_64.manylinux1_x86_64.whl", hash = "sha256:fd7133b885e356fa4920ead8289bb45dc6f185a164e99e10279f33732ed5ce15"},
    {file = "protobuf-3.20.0-cp37-cp37m-win32.whl", hash = "sha256:8d84453422312f8275455d1cb52d850d6a4d7d714b784e41b573c6f5bfc2a029"},
    {file = "protobuf-3.20.0-cp37-cp37m-win_amd64.whl", hash = "sha256:52bae32a147c375522ce09bd6af4d2949aca32a0415bc62df1456b3ad17c6001"},
    {file = "protobuf-3.20.0-cp38-cp38-macosx_10_9_x86_64.whl", hash = "sha256:25d2fcd6eef340082718ec9ad2c58d734429f2b1f7335d989523852f2bba220b"},
    {file = "protobuf-3.20.0-cp38-cp38-manylinux2014_aarch64.whl", hash = "sha256:88c8be0558bdfc35e68c42ae5bf785eb9390d25915d4863bbc7583d23da77074"},
    {file = "protobuf-3.20.0-cp38-cp38-manylinux_2_5_x86_64.manylinux1_x86_64.whl", hash = "sha256:38fd9eb74b852e4ee14b16e9670cd401d147ee3f3ec0d4f7652e0c921d6227f8"},
    {file = "protobuf-3.20.0-cp38-cp38-win32.whl", hash = "sha256:7dcd84dc31ebb35ade755e06d1561d1bd3b85e85dbdbf6278011fc97b22810db"},
    {file = "protobuf-3.20.0-cp38-cp38-win_amd64.whl", hash = "sha256:1eb13f5a5a59ca4973bcfa2fc8fff644bd39f2109c3f7a60bd5860cb6a49b679"},
    {file = "protobuf-3.20.0-cp39-cp39-macosx_10_9_x86_64.whl", hash = "sha256:1d24c81c2310f0063b8fc1c20c8ed01f3331be9374b4b5c2de846f69e11e21fb"},
    {file = "protobuf-3.20.0-cp39-cp39-manylinux2014_aarch64.whl", hash = "sha256:8be43a91ab66fe995e85ccdbdd1046d9f0443d59e060c0840319290de25b7d33"},
    {file = "protobuf-3.20.0-cp39-cp39-manylinux_2_5_x86_64.manylinux1_x86_64.whl", hash = "sha256:7a53d4035427b9dbfbb397f46642754d294f131e93c661d056366f2a31438263"},
    {file = "protobuf-3.20.0-cp39-cp39-win32.whl", hash = "sha256:32bf4a90c207a0b4e70ca6dd09d43de3cb9898f7d5b69c2e9e3b966a7f342820"},
    {file = "protobuf-3.20.0-cp39-cp39-win_amd64.whl", hash = "sha256:6efe066a7135233f97ce51a1aa007d4fb0be28ef093b4f88dac4ad1b3a2b7b6f"},
    {file = "protobuf-3.20.0-py2.py3-none-any.whl", hash = "sha256:4eda68bd9e2a4879385e6b1ea528c976f59cd9728382005cc54c28bcce8db983"},
    {file = "protobuf-3.20.0.tar.gz", hash = "sha256:71b2c3d1cd26ed1ec7c8196834143258b2ad7f444efff26fdc366c6f5e752702"},
]
py = [
    {file = "py-1.11.0-py2.py3-none-any.whl", hash = "sha256:607c53218732647dff4acdfcd50cb62615cedf612e72d1724fb1a0cc6405b378"},
    {file = "py-1.11.0.tar.gz", hash = "sha256:51c75c4126074b472f746a24399ad32f6053d1b34b68d2fa41e558e6f4a98719"},
]
pygments = [
    {file = "Pygments-2.11.2-py3-none-any.whl", hash = "sha256:44238f1b60a76d78fc8ca0528ee429702aae011c265fe6a8dd8b63049ae41c65"},
    {file = "Pygments-2.11.2.tar.gz", hash = "sha256:4e426f72023d88d03b2fa258de560726ce890ff3b630f88c21cbb8b2503b8c6a"},
]
pytest = [
    {file = "pytest-3.10.1-py2.py3-none-any.whl", hash = "sha256:3f193df1cfe1d1609d4c583838bea3d532b18d6160fd3f55c9447fdca30848ec"},
    {file = "pytest-3.10.1.tar.gz", hash = "sha256:e246cf173c01169b9617fc07264b7b1316e78d7a650055235d6d897bc80d9660"},
]
rich = [
    {file = "rich-10.16.2-py3-none-any.whl", hash = "sha256:c59d73bd804c90f747c8d7b1d023b88f2a9ac2454224a4aeaf959b21eeb42d03"},
    {file = "rich-10.16.2.tar.gz", hash = "sha256:720974689960e06c2efdb54327f8bf0cdbdf4eae4ad73b6c94213cad405c371b"},
]
six = [
    {file = "six-1.16.0-py2.py3-none-any.whl", hash = "sha256:8abb2f1d86890a2dfb989f9a77cfcfd3e47c2a354b01111771326f8aa26e0254"},
    {file = "six-1.16.0.tar.gz", hash = "sha256:1e61c37477a1626458e36f7b1d82aa5c9b094fa4802892072e49de9c60c4c926"},
]
